
Microsoft Visual Studio Solution File, Format Version 12.00
# Visual Studio 15
VisualStudioVersion = 15.0.27428.2005
MinimumVisualStudioVersion = 10.0.40219.1
Project("{FAE04EC0-301F-11D3-BF4B-00C04F79EFBC}") = "SportsStore", "SportsStore\SportsStore.csproj", "{68D5173D-6413-4855-9974-1F83232A6D36}"
EndProject
Global
	GlobalSection(SolutionConfigurationPlatforms) = preSolution
		Debug|Any CPU = Debug|Any CPU
		Release|Any CPU = Release|Any CPU
	EndGlobalSection
	GlobalSection(ProjectConfigurationPlatforms) = postSolution
		{68D5173D-6413-4855-9974-1F83232A6D36}.Debug|Any CPU.ActiveCfg = Debug|Any CPU
		{68D5173D-6413-4855-9974-1F83232A6D36}.Debug|Any CPU.Build.0 = Debug|Any CPU
		{68D5173D-6413-4855-9974-1F83232A6D36}.Release|Any CPU.ActiveCfg = Release|Any CPU
		{68D5173D-6413-4855-9974-1F83232A6D36}.Release|Any CPU.Build.0 = Release|Any CPU
	EndGlobalSection
	GlobalSection(SolutionProperties) = preSolution
		HideSolutionNode = FALSE
	EndGlobalSection
	GlobalSection(ExtensibilityGlobals) = postSolution
		SolutionGuid = {7B20FEF6-1FFA-4DFA-9D5E-E376ADFBD7D5}
	EndGlobalSection
EndGlobal
